Microsoft Visual Studio Solution File, Format Version 12.00
# Visual Studio Version 17
VisualStudioVersion = 17.13.36105.23
MinimumVisualStudioVersion = 10.0.40219.1
Project("{2150E333-8FDC-42A3-9474-1A3956D46DE8}") = "FinanceService", "FinanceService", "{02EA681E-C7D8-13C7-8484-4AC65E1B71E8}"
EndProject
Project("{FAE04EC0-301F-11D3-BF4B-00C04F79EFBC}") = "Domain", "FinanceService\Domain\Domain.csproj", "{6FD83B8F-3088-4429-87A0-CE9189CD8D2C}"
EndProject
Project("{FAE04EC0-301F-11D3-BF4B-00C04F79EFBC}") = "Application", "FinanceService\Application\Application.csproj", "{42F19D29-0DD6-4C57-8C81-84B368BD9C4C}"
EndProject
Project("{FAE04EC0-301F-11D3-BF4B-00C04F79EFBC}") = "Infrastructure", "FinanceService\Infrastructure\Infrastructure.csproj", "{F524B9D3-9008-4674-B494-62940CC50808}"
EndProject
Project("{FAE04EC0-301F-11D3-BF4B-00C04F79EFBC}") = "Presentation", "FinanceService\Presentation\Presentation.csproj", "{F0AA51E7-593B-4B99-983F-97DB25130329}"
EndProject
Project("{2150E333-8FDC-42A3-9474-1A3956D46DE8}") = "InventoryService", "InventoryService", "{A7E8EDCD-2BF5-4206-8E49-F4AA3224911E}"
EndProject
Project("{FAE04EC0-301F-11D3-BF4B-00C04F79EFBC}") = "Domain", "InventoryService\Domain\Domain.csproj", "{33C50CE6-7472-4E6E-884D-269B3CE3B9E0}"
EndProject
Project("{FAE04EC0-301F-11D3-BF4B-00C04F79EFBC}") = "Application", "InventoryService\Application\Application.csproj", "{0A3E7B71-1A18-4D07-80A9-21F7C6D27612}"
EndProject
Project("{FAE04EC0-301F-11D3-BF4B-00C04F79EFBC}") = "Infrastructure", "InventoryService\Infrastructure\Infrastructure.csproj", "{CDE96A63-956B-4626-A06E-332702443257}"
EndProject
Project("{FAE04EC0-301F-11D3-BF4B-00C04F79EFBC}") = "Inventory.Presentation", "InventoryService\Presentation\Inventory.Presentation.csproj", "{0D54461C-DCCD-4C2A-9EF5-FC1AF8181B38}"
EndProject
Project("{2150E333-8FDC-42A3-9474-1A3956D46DE8}") = "SalesService", "SalesService", "{1ABBE697-0C3B-4DFC-B5F1-AC035A13DD23}"
EndProject
Project("{FAE04EC0-301F-11D3-BF4B-00C04F79EFBC}") = "Application", "SalesService\Application\Application.csproj", "{17BC42E9-4B99-4046-841C-BC6240B25932}"
EndProject
Project("{FAE04EC0-301F-11D3-BF4B-00C04F79EFBC}") = "Domain", "SalesService\Domain\Domain.csproj", "{1C88C7A6-5E5C-4370-9488-25B7480DF2BA}"
EndProject
Project("{FAE04EC0-301F-11D3-BF4B-00C04F79EFBC}") = "Infrastructure", "SalesService\Infrastructure\Infrastructure.csproj", "{85D908DE-B157-4A22-B1C5-F4D19D4EBFBD}"
EndProject
Project("{FAE04EC0-301F-11D3-BF4B-00C04F79EFBC}") = "Presentation", "SalesService\Presentation\Presentation.csproj", "{EAC231A5-8F4E-46E9-A38E-92F217E77175}"
EndProject
Project("{2150E333-8FDC-42A3-9474-1A3956D46DE8}") = "BuildingBlocks", "BuildingBlocks", "{17704685-6989-4EEA-B0BB-B9358BF221A3}"
EndProject
Project("{FAE04EC0-301F-11D3-BF4B-00C04F79EFBC}") = "ShopVerse.BuildingBlocks", "ShopVerse.BuildingBlocks\ShopVerse.BuildingBlocks.csproj", "{241742A7-BA09-4990-8106-7F95A5E8354E}"
EndProject
Project("{FAE04EC0-301F-11D3-BF4B-00C04F79EFBC}") = "ShopVerse.BuildingBlocks.Messaging", "ShopVerse.BuildingBlocks.Messaging\ShopVerse.BuildingBlocks.Messaging\ShopVerse.BuildingBlocks.Messaging.csproj", "{A3FB1E64-ADFD-4B7E-BCF9-2BBB1D5C6CA1}"
EndProject
Project("{2150E333-8FDC-42A3-9474-1A3956D46DE8}") = "Shared", "Shared", "{51C6CBE0-E42B-461F-8F85-8C75C56F0AB1}"
EndProject
Project("{FAE04EC0-301F-11D3-BF4B-00C04F79EFBC}") = "Shared.GrpcContracts", "Shared\Shared.GrpcContracts\Shared.GrpcContracts.csproj", "{C85C1907-8AB2-4348-8BEF-E862029AD065}"
EndProject
Project("{E53339B2-1760-4266-BCC7-CA923CBCF16C}") = "docker-compose", "docker-compose.dcproj", "{81DDED9D-158B-E303-5F62-77A2896D2A5A}"
EndProject
Project("{FAE04EC0-301F-11D3-BF4B-00C04F79EFBC}") = "Inventory.Grpc", "InventoryService\Grpc\Inventory.Grpc\Inventory.Grpc.csproj", "{CB5F8F10-AA51-48FC-AAD0-077D0BEC5577}"
EndProject
Global
	GlobalSection(SolutionConfigurationPlatforms) = preSolution
		Debug|Any CPU = Debug|Any CPU
		Release|Any CPU = Release|Any CPU
	EndGlobalSection
	GlobalSection(ProjectConfigurationPlatforms) = postSolution
		{6FD83B8F-3088-4429-87A0-CE9189CD8D2C}.Debug|Any CPU.ActiveCfg = Debug|Any CPU
		{6FD83B8F-3088-4429-87A0-CE9189CD8D2C}.Debug|Any CPU.Build.0 = Debug|Any CPU
		{6FD83B8F-3088-4429-87A0-CE9189CD8D2C}.Release|Any CPU.ActiveCfg = Release|Any CPU
		{6FD83B8F-3088-4429-87A0-CE9189CD8D2C}.Release|Any CPU.Build.0 = Release|Any CPU
		{42F19D29-0DD6-4C57-8C81-84B368BD9C4C}.Debug|Any CPU.ActiveCfg = Debug|Any CPU
		{42F19D29-0DD6-4C57-8C81-84B368BD9C4C}.Debug|Any CPU.Build.0 = Debug|Any CPU
		{42F19D29-0DD6-4C57-8C81-84B368BD9C4C}.Release|Any CPU.ActiveCfg = Release|Any CPU
		{42F19D29-0DD6-4C57-8C81-84B368BD9C4C}.Release|Any CPU.Build.0 = Release|Any CPU
		{F524B9D3-9008-4674-B494-62940CC50808}.Debug|Any CPU.ActiveCfg = Debug|Any CPU
		{F524B9D3-9008-4674-B494-62940CC50808}.Debug|Any CPU.Build.0 = Debug|Any CPU
		{F524B9D3-9008-4674-B494-62940CC50808}.Release|Any CPU.ActiveCfg = Release|Any CPU
		{F524B9D3-9008-4674-B494-62940CC50808}.Release|Any CPU.Build.0 = Release|Any CPU
		{F0AA51E7-593B-4B99-983F-97DB25130329}.Debug|Any CPU.ActiveCfg = Debug|Any CPU
		{F0AA51E7-593B-4B99-983F-97DB25130329}.Debug|Any CPU.Build.0 = Debug|Any CPU
		{F0AA51E7-593B-4B99-983F-97DB25130329}.Release|Any CPU.ActiveCfg = Release|Any CPU
		{F0AA51E7-593B-4B99-983F-97DB25130329}.Release|Any CPU.Build.0 = Release|Any CPU
		{33C50CE6-7472-4E6E-884D-269B3CE3B9E0}.Debug|Any CPU.ActiveCfg = Debug|Any CPU
		{33C50CE6-7472-4E6E-884D-269B3CE3B9E0}.Debug|Any CPU.Build.0 = Debug|Any CPU
		{33C50CE6-7472-4E6E-884D-269B3CE3B9E0}.Release|Any CPU.ActiveCfg = Release|Any CPU
		{33C50CE6-7472-4E6E-884D-269B3CE3B9E0}.Release|Any CPU.Build.0 = Release|Any CPU
		{0A3E7B71-1A18-4D07-80A9-21F7C6D27612}.Debug|Any CPU.ActiveCfg = Debug|Any CPU
		{0A3E7B71-1A18-4D07-80A9-21F7C6D27612}.Debug|Any CPU.Build.0 = Debug|Any CPU
		{0A3E7B71-1A18-4D07-80A9-21F7C6D27612}.Release|Any CPU.ActiveCfg = Release|Any CPU
		{0A3E7B71-1A18-4D07-80A9-21F7C6D27612}.Release|Any CPU.Build.0 = Release|Any CPU
		{CDE96A63-956B-4626-A06E-332702443257}.Debug|Any CPU.ActiveCfg = Debug|Any CPU
		{CDE96A63-956B-4626-A06E-332702443257}.Debug|Any CPU.Build.0 = Debug|Any CPU
		{CDE96A63-956B-4626-A06E-332702443257}.Release|Any CPU.ActiveCfg = Release|Any CPU
		{CDE96A63-956B-4626-A06E-332702443257}.Release|Any CPU.Build.0 = Release|Any CPU
		{0D54461C-DCCD-4C2A-9EF5-FC1AF8181B38}.Debug|Any CPU.ActiveCfg = Debug|Any CPU
		{0D54461C-DCCD-4C2A-9EF5-FC1AF8181B38}.Debug|Any CPU.Build.0 = Debug|Any CPU
		{0D54461C-DCCD-4C2A-9EF5-FC1AF8181B38}.Release|Any CPU.ActiveCfg = Release|Any CPU
		{0D54461C-DCCD-4C2A-9EF5-FC1AF8181B38}.Release|Any CPU.Build.0 = Release|Any CPU
		{17BC42E9-4B99-4046-841C-BC6240B25932}.Debug|Any CPU.ActiveCfg = Debug|Any CPU
		{17BC42E9-4B99-4046-841C-BC6240B25932}.Debug|Any CPU.Build.0 = Debug|Any CPU
		{17BC42E9-4B99-4046-841C-BC6240B25932}.Release|Any CPU.ActiveCfg = Release|Any CPU
		{17BC42E9-4B99-4046-841C-BC6240B25932}.Release|Any CPU.Build.0 = Release|Any CPU
		{1C88C7A6-5E5C-4370-9488-25B7480DF2BA}.Debug|Any CPU.ActiveCfg = Debug|Any CPU
		{1C88C7A6-5E5C-4370-9488-25B7480DF2BA}.Debug|Any CPU.Build.0 = Debug|Any CPU
		{1C88C7A6-5E5C-4370-9488-25B7480DF2BA}.Release|Any CPU.ActiveCfg = Release|Any CPU
		{1C88C7A6-5E5C-4370-9488-25B7480DF2BA}.Release|Any CPU.Build.0 = Release|Any CPU
		{85D908DE-B157-4A22-B1C5-F4D19D4EBFBD}.Debug|Any CPU.ActiveCfg = Debug|Any CPU
		{85D908DE-B157-4A22-B1C5-F4D19D4EBFBD}.Debug|Any CPU.Build.0 = Debug|Any CPU
		{85D908DE-B157-4A22-B1C5-F4D19D4EBFBD}.Release|Any CPU.ActiveCfg = Release|Any CPU
		{85D908DE-B157-4A22-B1C5-F4D19D4EBFBD}.Release|Any CPU.Build.0 = Release|Any CPU
		{EAC231A5-8F4E-46E9-A38E-92F217E77175}.Debug|Any CPU.ActiveCfg = Debug|Any CPU
		{EAC231A5-8F4E-46E9-A38E-92F217E77175}.Debug|Any CPU.Build.0 = Debug|Any CPU
		{EAC231A5-8F4E-46E9-A38E-92F217E77175}.Release|Any CPU.ActiveCfg = Release|Any CPU
		{EAC231A5-8F4E-46E9-A38E-92F217E77175}.Release|Any CPU.Build.0 = Release|Any CPU
		{241742A7-BA09-4990-8106-7F95A5E8354E}.Debug|Any CPU.ActiveCfg = Debug|Any CPU
		{241742A7-BA09-4990-8106-7F95A5E8354E}.Debug|Any CPU.Build.0 = Debug|Any CPU
		{241742A7-BA09-4990-8106-7F95A5E8354E}.Release|Any CPU.ActiveCfg = Release|Any CPU
		{241742A7-BA09-4990-8106-7F95A5E8354E}.Release|Any CPU.Build.0 = Release|Any CPU
		{A3FB1E64-ADFD-4B7E-BCF9-2BBB1D5C6CA1}.Debug|Any CPU.ActiveCfg = Debug|Any CPU
		{A3FB1E64-ADFD-4B7E-BCF9-2BBB1D5C6CA1}.Debug|Any CPU.Build.0 = Debug|Any CPU
		{A3FB1E64-ADFD-4B7E-BCF9-2BBB1D5C6CA1}.Release|Any CPU.ActiveCfg = Release|Any CPU
		{A3FB1E64-ADFD-4B7E-BCF9-2BBB1D5C6CA1}.Release|Any CPU.Build.0 = Release|Any CPU
		{C85C1907-8AB2-4348-8BEF-E862029AD065}.Debug|Any CPU.ActiveCfg = Debug|Any CPU
		{C85C1907-8AB2-4348-8BEF-E862029AD065}.Debug|Any CPU.Build.0 = Debug|Any CPU
		{C85C1907-8AB2-4348-8BEF-E862029AD065}.Release|Any CPU.ActiveCfg = Release|Any CPU
		{C85C1907-8AB2-4348-8BEF-E862029AD065}.Release|Any CPU.Build.0 = Release|Any CPU
		{81DDED9D-158B-E303-5F62-77A2896D2A5A}.Debug|Any CPU.ActiveCfg = Debug|Any CPU
		{81DDED9D-158B-E303-5F62-77A2896D2A5A}.Debug|Any CPU.Build.0 = Debug|Any CPU
		{81DDED9D-158B-E303-5F62-77A2896D2A5A}.Release|Any CPU.ActiveCfg = Release|Any CPU
		{81DDED9D-158B-E303-5F62-77A2896D2A5A}.Release|Any CPU.Build.0 = Release|Any CPU
		{CB5F8F10-AA51-48FC-AAD0-077D0BEC5577}.Debug|Any CPU.ActiveCfg = Debug|Any CPU
		{CB5F8F10-AA51-48FC-AAD0-077D0BEC5577}.Debug|Any CPU.Build.0 = Debug|Any CPU
		{CB5F8F10-AA51-48FC-AAD0-077D0BEC5577}.Release|Any CPU.ActiveCfg = Release|Any CPU
		{CB5F8F10-AA51-48FC-AAD0-077D0BEC5577}.Release|Any CPU.Build.0 = Release|Any CPU
	EndGlobalSection
	GlobalSection(SolutionProperties) = preSolution
		HideSolutionNode = FALSE
	EndGlobalSection
	GlobalSection(NestedProjects) = preSolution
		{6FD83B8F-3088-4429-87A0-CE9189CD8D2C} = {02EA681E-C7D8-13C7-8484-4AC65E1B71E8}
		{42F19D29-0DD6-4C57-8C81-84B368BD9C4C} = {02EA681E-C7D8-13C7-8484-4AC65E1B71E8}
		{F524B9D3-9008-4674-B494-62940CC50808} = {02EA681E-C7D8-13C7-8484-4AC65E1B71E8}
		{F0AA51E7-593B-4B99-983F-97DB25130329} = {02EA681E-C7D8-13C7-8484-4AC65E1B71E8}
		{33C50CE6-7472-4E6E-884D-269B3CE3B9E0} = {A7E8EDCD-2BF5-4206-8E49-F4AA3224911E}
		{0A3E7B71-1A18-4D07-80A9-21F7C6D27612} = {A7E8EDCD-2BF5-4206-8E49-F4AA3224911E}
		{CDE96A63-956B-4626-A06E-332702443257} = {A7E8EDCD-2BF5-4206-8E49-F4AA3224911E}
		{0D54461C-DCCD-4C2A-9EF5-FC1AF8181B38} = {A7E8EDCD-2BF5-4206-8E49-F4AA3224911E}
		{17BC42E9-4B99-4046-841C-BC6240B25932} = {1ABBE697-0C3B-4DFC-B5F1-AC035A13DD23}
		{1C88C7A6-5E5C-4370-9488-25B7480DF2BA} = {1ABBE697-0C3B-4DFC-B5F1-AC035A13DD23}
		{85D908DE-B157-4A22-B1C5-F4D19D4EBFBD} = {1ABBE697-0C3B-4DFC-B5F1-AC035A13DD23}
		{EAC231A5-8F4E-46E9-A38E-92F217E77175} = {1ABBE697-0C3B-4DFC-B5F1-AC035A13DD23}
		{241742A7-BA09-4990-8106-7F95A5E8354E} = {17704685-6989-4EEA-B0BB-B9358BF221A3}
		{A3FB1E64-ADFD-4B7E-BCF9-2BBB1D5C6CA1} = {17704685-6989-4EEA-B0BB-B9358BF221A3}
		{C85C1907-8AB2-4348-8BEF-E862029AD065} = {51C6CBE0-E42B-461F-8F85-8C75C56F0AB1}
		{CB5F8F10-AA51-48FC-AAD0-077D0BEC5577} = {A7E8EDCD-2BF5-4206-8E49-F4AA3224911E}
	EndGlobalSection
	GlobalSection(ExtensibilityGlobals) = postSolution
		SolutionGuid = {D54F8DE2-4AC3-4BB4-9DF8-5BF75F715D84}
	EndGlobalSection
EndGlobal
